// !$*UTF8*$!
{
	archiveVersion = 1;
	classes = {
	};
	objectVersion = 46;
	objects = {

/* Begin PBXBuildFile section */
		174D5FA81A067FE000DB0BE7 /* food.png in Resources */ = {isa = PBXBuildFile; fileRef = 174D5FA61A067FE000DB0BE7 /* food.png */; };
		174D5FA91A067FE000DB0BE7 /* gas.png in Resources */ = {isa = PBXBuildFile; fileRef = 174D5FA71A067FE000DB0BE7 /* gas.png */; };
		180F91D71A047A14003E2503 /* AppDelegate.swift in Sources */ = {isa = PBXBuildFile; fileRef = 180F91D61A047A14003E2503 /* AppDelegate.swift */; };
		180F91DA1A047A14003E2503 /* Serendipity.xcdatamodeld in Sources */ = {isa = PBXBuildFile; fileRef = 180F91D81A047A14003E2503 /* Serendipity.xcdatamodeld */; };
		180F91DC1A047A14003E2503 /* ViewController.swift in Sources */ = {isa = PBXBuildFile; fileRef = 180F91DB1A047A14003E2503 /* ViewController.swift */; };
		180F91DF1A047A14003E2503 /* Main.storyboard in Resources */ = {isa = PBXBuildFile; fileRef = 180F91DD1A047A14003E2503 /* Main.storyboard */; };
		180F91E11A047A14003E2503 /* Images.xcassets in Resources */ = {isa = PBXBuildFile; fileRef = 180F91E01A047A14003E2503 /* Images.xcassets */; };
		180F91E41A047A14003E2503 /* LaunchScreen.xib in Resources */ = {isa = PBXBuildFile; fileRef = 180F91E21A047A14003E2503 /* LaunchScreen.xib */; };
		180F91F01A047A14003E2503 /* SerendipityTests.swift in Sources */ = {isa = PBXBuildFile; fileRef = 180F91EF1A047A14003E2503 /* SerendipityTests.swift */; };
		1883EF3F1A0550D2004D82E7 /* MapViewController.swift in Sources */ = {isa = PBXBuildFile; fileRef = 1883EF3E1A0550D2004D82E7 /* MapViewController.swift */; };
		5C679F8E1A05AB2200728D75 /* GoogleMaps.framework in Frameworks */ = {isa = PBXBuildFile; fileRef = 5C679F8D1A05AB2200728D75 /* GoogleMaps.framework */; };
		5C679F901A05AB3300728D75 /* GoogleMaps.bundle in Resources */ = {isa = PBXBuildFile; fileRef = 5C679F8F1A05AB3300728D75 /* GoogleMaps.bundle */; };
		5C679F921A05AB6500728D75 /* AVFoundation.framework in Frameworks */ = {isa = PBXBuildFile; fileRef = 5C679F911A05AB6500728D75 /* AVFoundation.framework */; };
		5C679F941A05AB6D00728D75 /* CoreData.framework in Frameworks */ = {isa = PBXBuildFile; fileRef = 5C679F931A05AB6D00728D75 /* CoreData.framework */; };
		5C679F961A05AB7500728D75 /* CoreLocation.framework in Frameworks */ = {isa = PBXBuildFile; fileRef = 5C679F951A05AB7500728D75 /* CoreLocation.framework */; };
		5C679F981A05AB7D00728D75 /* CoreText.framework in Frameworks */ = {isa = PBXBuildFile; fileRef = 5C679F971A05AB7D00728D75 /* CoreText.framework */; };
		5C679F9A1A05AB8600728D75 /* GLKit.framework in Frameworks */ = {isa = PBXBuildFile; fileRef = 5C679F991A05AB8600728D75 /* GLKit.framework */; };
		5C679F9C1A05AB8F00728D75 /* ImageIO.framework in Frameworks */ = {isa = PBXBuildFile; fileRef = 5C679F9B1A05AB8F00728D75 /* ImageIO.framework */; };
		5C679F9E1A05AB9700728D75 /* libc++.dylib in Frameworks */ = {isa = PBXBuildFile; fileRef = 5C679F9D1A05AB9700728D75 /* libc++.dylib */; };
		5C679FA01A05ABA100728D75 /* libicucore.dylib in Frameworks */ = {isa = PBXBuildFile; fileRef = 5C679F9F1A05ABA100728D75 /* libicucore.dylib */; };
		5C679FA21A05ABA700728D75 /* libz.dylib in Frameworks */ = {isa = PBXBuildFile; fileRef = 5C679FA11A05ABA700728D75 /* libz.dylib */; };
		5C679FA41A05ABAD00728D75 /* OpenGLES.framework in Frameworks */ = {isa = PBXBuildFile; fileRef = 5C679FA31A05ABAD00728D75 /* OpenGLES.framework */; };
		5C679FA61A05ABB400728D75 /* QuartzCore.framework in Frameworks */ = {isa = PBXBuildFile; fileRef = 5C679FA51A05ABB400728D75 /* QuartzCore.framework */; };
		5C679FA81A05ABBB00728D75 /* SystemConfiguration.framework in Frameworks */ = {isa = PBXBuildFile; fileRef = 5C679FA71A05ABBB00728D75 /* SystemConfiguration.framework */; };
		5C679FB01A05ACFD00728D75 /* GoogleDataProvider.swift in Sources */ = {isa = PBXBuildFile; fileRef = 5C679FAF1A05ACFD00728D75 /* GoogleDataProvider.swift */; };
		5CC1F8A31A05ADA800712BAB /* GooglePlace.swift in Sources */ = {isa = PBXBuildFile; fileRef = 5CC1F8A21A05ADA800712BAB /* GooglePlace.swift */; };
		5CC1F8A51A05ADAF00712BAB /* PlaceMarker.swift in Sources */ = {isa = PBXBuildFile; fileRef = 5CC1F8A41A05ADAF00712BAB /* PlaceMarker.swift */; };
		5CC62F631A0616B100001283 /* attractions.png in Resources */ = {isa = PBXBuildFile; fileRef = 5CC62F621A0616B100001283 /* attractions.png */; };
/* End PBXBuildFile section */

/* Begin PBXContainerItemProxy section */
		180F91EA1A047A14003E2503 /* PBXContainerItemProxy */ = {
			isa = PBXContainerItemProxy;
			containerPortal = 180F91C91A047A14003E2503 /* Project object */;
			proxyType = 1;
			remoteGlobalIDString = 180F91D01A047A14003E2503;
			remoteInfo = Serendipity;
		};
/* End PBXContainerItemProxy section */

/* Begin PBXFileReference section */
		174D5FA61A067FE000DB0BE7 /* food.png */ = {isa = PBXFileReference; lastKnownFileType = image.png; path = food.png; sourceTree = "<group>"; };
		174D5FA71A067FE000DB0BE7 /* gas.png */ = {isa = PBXFileReference; lastKnownFileType = image.png; path = gas.png; sourceTree = "<group>"; };
		180F91D11A047A14003E2503 /* Serendipity.app */ = {isa = PBXFileReference; explicitFileType = wrapper.application; includeInIndex = 0; path = Serendipity.app; sourceTree = BUILT_PRODUCTS_DIR; };
		180F91D51A047A14003E2503 /* Info.plist */ = {isa = PBXFileReference; lastKnownFileType = text.plist.xml; path = Info.plist; sourceTree = "<group>"; };
		180F91D61A047A14003E2503 /* AppDelegate.swift */ = {isa = PBXFileReference; lastKnownFileType = sourcecode.swift; path = AppDelegate.swift; sourceTree = "<group>"; };
		180F91D91A047A14003E2503 /* Serendipity.xcdatamodel */ = {isa = PBXFileReference; lastKnownFileType = wrapper.xcdatamodel; path = Serendipity.xcdatamodel; sourceTree = "<group>"; };
		180F91DB1A047A14003E2503 /* ViewController.swift */ = {isa = PBXFileReference; lastKnownFileType = sourcecode.swift; path = ViewController.swift; sourceTree = "<group>"; };
		180F91DE1A047A14003E2503 /* Base */ = {isa = PBXFileReference; lastKnownFileType = file.storyboard; name = Base; path = Base.lproj/Main.storyboard; sourceTree = "<group>"; };
		180F91E01A047A14003E2503 /* Images.xcassets */ = {isa = PBXFileReference; lastKnownFileType = folder.assetcatalog; path = Images.xcassets; sourceTree = "<group>"; };
		180F91E31A047A14003E2503 /* Base */ = {isa = PBXFileReference; lastKnownFileType = file.xib; name = Base; path = Base.lproj/LaunchScreen.xib; sourceTree = "<group>"; };
		180F91E91A047A14003E2503 /* SerendipityTests.xctest */ = {isa = PBXFileReference; explicitFileType = wrapper.cfbundle; includeInIndex = 0; path = SerendipityTests.xctest; sourceTree = BUILT_PRODUCTS_DIR; };
		180F91EE1A047A14003E2503 /* Info.plist */ = {isa = PBXFileReference; lastKnownFileType = text.plist.xml; path = Info.plist; sourceTree = "<group>"; };
		180F91EF1A047A14003E2503 /* SerendipityTests.swift */ = {isa = PBXFileReference; lastKnownFileType = sourcecode.swift; path = SerendipityTests.swift; sourceTree = "<group>"; };
		1883EF3E1A0550D2004D82E7 /* MapViewController.swift */ = {isa = PBXFileReference; fileEncoding = 4; lastKnownFileType = sourcecode.swift; path = MapViewController.swift; sourceTree = "<group>"; };
		5C679F8D1A05AB2200728D75 /* GoogleMaps.framework */ = {isa = PBXFileReference; lastKnownFileType = wrapper.framework; name = GoogleMaps.framework; path = Serendipity/GoogleMaps.framework; sourceTree = "<group>"; };
		5C679F8F1A05AB3300728D75 /* GoogleMaps.bundle */ = {isa = PBXFileReference; lastKnownFileType = "wrapper.plug-in"; name = GoogleMaps.bundle; path = Serendipity/GoogleMaps.bundle; sourceTree = "<group>"; };
		5C679F911A05AB6500728D75 /* AVFoundation.framework */ = {isa = PBXFileReference; lastKnownFileType = wrapper.framework; name = AVFoundation.framework; path = System/Library/Frameworks/AVFoundation.framework; sourceTree = SDKROOT; };
		5C679F931A05AB6D00728D75 /* CoreData.framework */ = {isa = PBXFileReference; lastKnownFileType = wrapper.framework; name = CoreData.framework; path = System/Library/Frameworks/CoreData.framework; sourceTree = SDKROOT; };
		5C679F951A05AB7500728D75 /* CoreLocation.framework */ = {isa = PBXFileReference; lastKnownFileType = wrapper.framework; name = CoreLocation.framework; path = System/Library/Frameworks/CoreLocation.framework; sourceTree = SDKROOT; };
		5C679F971A05AB7D00728D75 /* CoreText.framework */ = {isa = PBXFileReference; lastKnownFileType = wrapper.framework; name = CoreText.framework; path = System/Library/Frameworks/CoreText.framework; sourceTree = SDKROOT; };
		5C679F991A05AB8600728D75 /* GLKit.framework */ = {isa = PBXFileReference; lastKnownFileType = wrapper.framework; name = GLKit.framework; path = System/Library/Frameworks/GLKit.framework; sourceTree = SDKROOT; };
		5C679F9B1A05AB8F00728D75 /* ImageIO.framework */ = {isa = PBXFileReference; lastKnownFileType = wrapper.framework; name = ImageIO.framework; path = System/Library/Frameworks/ImageIO.framework; sourceTree = SDKROOT; };
		5C679F9D1A05AB9700728D75 /* libc++.dylib */ = {isa = PBXFileReference; lastKnownFileType = "compiled.mach-o.dylib"; name = "libc++.dylib"; path = "usr/lib/libc++.dylib"; sourceTree = SDKROOT; };
		5C679F9F1A05ABA100728D75 /* libicucore.dylib */ = {isa = PBXFileReference; lastKnownFileType = "compiled.mach-o.dylib"; name = libicucore.dylib; path = usr/lib/libicucore.dylib; sourceTree = SDKROOT; };
		5C679FA11A05ABA700728D75 /* libz.dylib */ = {isa = PBXFileReference; lastKnownFileType = "compiled.mach-o.dylib"; name = libz.dylib; path = usr/lib/libz.dylib; sourceTree = SDKROOT; };
		5C679FA31A05ABAD00728D75 /* OpenGLES.framework */ = {isa = PBXFileReference; lastKnownFileType = wrapper.framework; name = OpenGLES.framework; path = System/Library/Frameworks/OpenGLES.framework; sourceTree = SDKROOT; };
		5C679FA51A05ABB400728D75 /* QuartzCore.framework */ = {isa = PBXFileReference; lastKnownFileType = wrapper.framework; name = QuartzCore.framework; path = System/Library/Frameworks/QuartzCore.framework; sourceTree = SDKROOT; };
		5C679FA71A05ABBB00728D75 /* SystemConfiguration.framework */ = {isa = PBXFileReference; lastKnownFileType = wrapper.framework; name = SystemConfiguration.framework; path = System/Library/Frameworks/SystemConfiguration.framework; sourceTree = SDKROOT; };
		5C679FA91A05AC4100728D75 /* Serendipity-Bridging-Header.h */ = {isa = PBXFileReference; lastKnownFileType = sourcecode.c.h; path = "Serendipity-Bridging-Header.h"; sourceTree = "<group>"; };
		5C679FAF1A05ACFD00728D75 /* GoogleDataProvider.swift */ = {isa = PBXFileReference; fileEncoding = 4; lastKnownFileType = sourcecode.swift; path = GoogleDataProvider.swift; sourceTree = "<group>"; };
		5CC1F8A21A05ADA800712BAB /* GooglePlace.swift */ = {isa = PBXFileReference; fileEncoding = 4; lastKnownFileType = sourcecode.swift; path = GooglePlace.swift; sourceTree = "<group>"; };
		5CC1F8A41A05ADAF00712BAB /* PlaceMarker.swift */ = {isa = PBXFileReference; fileEncoding = 4; lastKnownFileType = sourcecode.swift; path = PlaceMarker.swift; sourceTree = "<group>"; };
		5CC62F621A0616B100001283 /* attractions.png */ = {isa = PBXFileReference; lastKnownFileType = image.png; path = attractions.png; sourceTree = "<group>"; };
/* End PBXFileReference section */

/* Begin PBXFrameworksBuildPhase section */
		180F91CE1A047A14003E2503 /* Frameworks */ = {
			isa = PBXFrameworksBuildPhase;
			buildActionMask = 2147483647;
			files = (
				5C679FA81A05ABBB00728D75 /* SystemConfiguration.framework in Frameworks */,
				5C679FA61A05ABB400728D75 /* QuartzCore.framework in Frameworks */,
				5C679FA41A05ABAD00728D75 /* OpenGLES.framework in Frameworks */,
				5C679FA21A05ABA700728D75 /* libz.dylib in Frameworks */,
				5C679FA01A05ABA100728D75 /* libicucore.dylib in Frameworks */,
				5C679F9E1A05AB9700728D75 /* libc++.dylib in Frameworks */,
				5C679F9C1A05AB8F00728D75 /* ImageIO.framework in Frameworks */,
				5C679F9A1A05AB8600728D75 /* GLKit.framework in Frameworks */,
				5C679F981A05AB7D00728D75 /* CoreText.framework in Frameworks */,
				5C679F961A05AB7500728D75 /* CoreLocation.framework in Frameworks */,
				5C679F941A05AB6D00728D75 /* CoreData.framework in Frameworks */,
				5C679F921A05AB6500728D75 /* AVFoundation.framework in Frameworks */,
				5C679F8E1A05AB2200728D75 /* GoogleMaps.framework in Frameworks */,
			);
			runOnlyForDeploymentPostprocessing = 0;
		};
		180F91E61A047A14003E2503 /* Frameworks */ = {
			isa = PBXFrameworksBuildPhase;
			buildActionMask = 2147483647;
			files = (
			);
			runOnlyForDeploymentPostprocessing = 0;
		};
/* End PBXFrameworksBuildPhase section */

/* Begin PBXGroup section */
		180F91C81A047A14003E2503 = {
			isa = PBXGroup;
			children = (
				5C679FAC1A05AC6600728D75 /* Frameworks */,
				180F91D31A047A14003E2503 /* Serendipity */,
				180F91EC1A047A14003E2503 /* SerendipityTests */,
				180F91D21A047A14003E2503 /* Products */,
				5CC62F641A0616BB00001283 /* icons */,
			);
			sourceTree = "<group>";
		};
		180F91D21A047A14003E2503 /* Products */ = {
			isa = PBXGroup;
			children = (
				180F91D11A047A14003E2503 /* Serendipity.app */,
				180F91E91A047A14003E2503 /* SerendipityTests.xctest */,
			);
			name = Products;
			sourceTree = "<group>";
		};
		180F91D31A047A14003E2503 /* Serendipity */ = {
			isa = PBXGroup;
			children = (
				180F91D61A047A14003E2503 /* AppDelegate.swift */,
				180F91DB1A047A14003E2503 /* ViewController.swift */,
				5CC1F8A21A05ADA800712BAB /* GooglePlace.swift */,
				5CC1F8A41A05ADAF00712BAB /* PlaceMarker.swift */,
				1883EF3E1A0550D2004D82E7 /* MapViewController.swift */,
				180F91DD1A047A14003E2503 /* Main.storyboard */,
				5C679FAF1A05ACFD00728D75 /* GoogleDataProvider.swift */,
				180F91E01A047A14003E2503 /* Images.xcassets */,
				180F91E21A047A14003E2503 /* LaunchScreen.xib */,
				180F91D81A047A14003E2503 /* Serendipity.xcdatamodeld */,
				180F91D41A047A14003E2503 /* Supporting Files */,
				5C679FA91A05AC4100728D75 /* Serendipity-Bridging-Header.h */,
			);
			path = Serendipity;
			sourceTree = "<group>";
		};
		180F91D41A047A14003E2503 /* Supporting Files */ = {
			isa = PBXGroup;
			children = (
				180F91D51A047A14003E2503 /* Info.plist */,
			);
			name = "Supporting Files";
			sourceTree = "<group>";
		};
		180F91EC1A047A14003E2503 /* SerendipityTests */ = {
			isa = PBXGroup;
			children = (
				180F91EF1A047A14003E2503 /* SerendipityTests.swift */,
				180F91ED1A047A14003E2503 /* Supporting Files */,
			);
			path = SerendipityTests;
			sourceTree = "<group>";
		};
		180F91ED1A047A14003E2503 /* Supporting Files */ = {
			isa = PBXGroup;
			children = (
				180F91EE1A047A14003E2503 /* Info.plist */,
			);
			name = "Supporting Files";
			sourceTree = "<group>";
		};
		5C679FAC1A05AC6600728D75 /* Frameworks */ = {
			isa = PBXGroup;
			children = (
				5C679F8F1A05AB3300728D75 /* GoogleMaps.bundle */,
				5C679F8D1A05AB2200728D75 /* GoogleMaps.framework */,
				5C679FA71A05ABBB00728D75 /* SystemConfiguration.framework */,
				5C679FA51A05ABB400728D75 /* QuartzCore.framework */,
				5C679FA31A05ABAD00728D75 /* OpenGLES.framework */,
				5C679FA11A05ABA700728D75 /* libz.dylib */,
				5C679F9F1A05ABA100728D75 /* libicucore.dylib */,
				5C679F9D1A05AB9700728D75 /* libc++.dylib */,
				5C679F9B1A05AB8F00728D75 /* ImageIO.framework */,
				5C679F991A05AB8600728D75 /* GLKit.framework */,
				5C679F971A05AB7D00728D75 /* CoreText.framework */,
				5C679F951A05AB7500728D75 /* CoreLocation.framework */,
				5C679F931A05AB6D00728D75 /* CoreData.framework */,
				5C679F911A05AB6500728D75 /* AVFoundation.framework */,
			);
			name = Frameworks;
			sourceTree = "<group>";
		};
		5CC62F641A0616BB00001283 /* icons */ = {
			isa = PBXGroup;
			children = (
				174D5FA61A067FE000DB0BE7 /* food.png */,
				174D5FA71A067FE000DB0BE7 /* gas.png */,
				5CC62F621A0616B100001283 /* attractions.png */,
			);
			name = icons;
			sourceTree = "<group>";
		};
/* End PBXGroup section */

/* Begin PBXNativeTarget section */
		180F91D01A047A14003E2503 /* Serendipity */ = {
			isa = PBXNativeTarget;
			buildConfigurationList = 180F91F31A047A14003E2503 /* Build configuration list for PBXNativeTarget "Serendipity" */;
			buildPhases = (
				180F91CD1A047A14003E2503 /* Sources */,
				180F91CE1A047A14003E2503 /* Frameworks */,
				180F91CF1A047A14003E2503 /* Resources */,
			);
			buildRules = (
			);
			dependencies = (
			);
			name = Serendipity;
			productName = Serendipity;
			productReference = 180F91D11A047A14003E2503 /* Serendipity.app */;
			productType = "com.apple.product-type.application";
		};
		180F91E81A047A14003E2503 /* SerendipityTests */ = {
			isa = PBXNativeTarget;
			buildConfigurationList = 180F91F61A047A14003E2503 /* Build configuration list for PBXNativeTarget "SerendipityTests" */;
			buildPhases = (
				180F91E51A047A14003E2503 /* Sources */,
				180F91E61A047A14003E2503 /* Frameworks */,
				180F91E71A047A14003E2503 /* Resources */,
			);
			buildRules = (
			);
			dependencies = (
				180F91EB1A047A14003E2503 /* PBXTargetDependency */,
			);
			name = SerendipityTests;
			productName = SerendipityTests;
			productReference = 180F91E91A047A14003E2503 /* SerendipityTests.xctest */;
			productType = "com.apple.product-type.bundle.unit-test";
		};
/* End PBXNativeTarget section */

/* Begin PBXProject section */
		180F91C91A047A14003E2503 /* Project object */ = {
			isa = PBXProject;
			attributes = {
				LastUpgradeCheck = 0610;
				ORGANIZATIONNAME = "Rahul Dhodapkar";
				TargetAttributes = {
					180F91D01A047A14003E2503 = {
						CreatedOnToolsVersion = 6.1;
					};
					180F91E81A047A14003E2503 = {
						CreatedOnToolsVersion = 6.1;
						TestTargetID = 180F91D01A047A14003E2503;
					};
				};
			};
			buildConfigurationList = 180F91CC1A047A14003E2503 /* Build configuration list for PBXProject "Serendipity" */;
			compatibilityVersion = "Xcode 3.2";
			developmentRegion = English;
			hasScannedForEncodings = 0;
			knownRegions = (
				en,
				Base,
			);
			mainGroup = 180F91C81A047A14003E2503;
			productRefGroup = 180F91D21A047A14003E2503 /* Products */;
			projectDirPath = "";
			projectRoot = "";
			targets = (
				180F91D01A047A14003E2503 /* Serendipity */,
				180F91E81A047A14003E2503 /* SerendipityTests */,
			);
		};
/* End PBXProject section */

/* Begin PBXResourcesBuildPhase section */
		180F91CF1A047A14003E2503 /* Resources */ = {
			isa = PBXResourcesBuildPhase;
			buildActionMask = 2147483647;
			files = (
				180F91DF1A047A14003E2503 /* Main.storyboard in Resources */,
				180F91E41A047A14003E2503 /* LaunchScreen.xib in Resources */,
				180F91E11A047A14003E2503 /* Images.xcassets in Resources */,
				5CC62F631A0616B100001283 /* attractions.png in Resources */,
				174D5FA91A067FE000DB0BE7 /* gas.png in Resources */,
				5C679F901A05AB3300728D75 /* GoogleMaps.bundle in Resources */,
				174D5FA81A067FE000DB0BE7 /* food.png in Resources */,
			);
			runOnlyForDeploymentPostprocessing = 0;
		};
		180F91E71A047A14003E2503 /* Resources */ = {
			isa = PBXResourcesBuildPhase;
			buildActionMask = 2147483647;
			files = (
			);
			runOnlyForDeploymentPostprocessing = 0;
		};
/* End PBXResourcesBuildPhase section */

/* Begin PBXSourcesBuildPhase section */
		180F91CD1A047A14003E2503 /* Sources */ = {
			isa = PBXSourcesBuildPhase;
			buildActionMask = 2147483647;
			files = (
				5C679FB01A05ACFD00728D75 /* GoogleDataProvider.swift in Sources */,
				5CC1F8A51A05ADAF00712BAB /* PlaceMarker.swift in Sources */,
				180F91DC1A047A14003E2503 /* ViewController.swift in Sources */,
				5CC1F8A31A05ADA800712BAB /* GooglePlace.swift in Sources */,
				180F91DA1A047A14003E2503 /* Serendipity.xcdatamodeld in Sources */,
				180F91D71A047A14003E2503 /* AppDelegate.swift in Sources */,
				1883EF3F1A0550D2004D82E7 /* MapViewController.swift in Sources */,
			);
			runOnlyForDeploymentPostprocessing = 0;
		};
		180F91E51A047A14003E2503 /* Sources */ = {
			isa = PBXSourcesBuildPhase;
			buildActionMask = 2147483647;
			files = (
				180F91F01A047A14003E2503 /* SerendipityTests.swift in Sources */,
			);
			runOnlyForDeploymentPostprocessing = 0;
		};
/* End PBXSourcesBuildPhase section */

/* Begin PBXTargetDependency section */
		180F91EB1A047A14003E2503 /* PBXTargetDependency */ = {
			isa = PBXTargetDependency;
			target = 180F91D01A047A14003E2503 /* Serendipity */;
			targetProxy = 180F91EA1A047A14003E2503 /* PBXContainerItemProxy */;
		};
/* End PBXTargetDependency section */

/* Begin PBXVariantGroup section */
		180F91DD1A047A14003E2503 /* Main.storyboard */ = {
			isa = PBXVariantGroup;
			children = (
				180F91DE1A047A14003E2503 /* Base */,
			);
			name = Main.storyboard;
			sourceTree = "<group>";
		};
		180F91E21A047A14003E2503 /* LaunchScreen.xib */ = {
			isa = PBXVariantGroup;
			children = (
				180F91E31A047A14003E2503 /* Base */,
			);
			name = LaunchScreen.xib;
			sourceTree = "<group>";
		};
/* End PBXVariantGroup section */

/* Begin XCBuildConfiguration section */
		180F91F11A047A14003E2503 /* Debug */ = {
			isa = XCBuildConfiguration;
			buildSettings = {
				ALWAYS_SEARCH_USER_PATHS = NO;
				CLANG_CXX_LANGUAGE_STANDARD = "gnu++0x";
				CLANG_CXX_LIBRARY = "libc++";
				CLANG_ENABLE_MODULES = YES;
				CLANG_ENABLE_OBJC_ARC = YES;
				CLANG_WARN_BOOL_CONVERSION = YES;
				CLANG_WARN_CONSTANT_CONVERSION = YES;
				CLANG_WARN_DIRECT_OBJC_ISA_USAGE = YES_ERROR;
				CLANG_WARN_EMPTY_BODY = YES;
				CLANG_WARN_ENUM_CONVERSION = YES;
				CLANG_WARN_INT_CONVERSION = YES;
				CLANG_WARN_OBJC_ROOT_CLASS = YES_ERROR;
				CLANG_WARN_UNREACHABLE_CODE = YES;
				CLANG_WARN__DUPLICATE_METHOD_MATCH = YES;
				"CODE_SIGN_IDENTITY[sdk=iphoneos*]" = "iPhone Developer";
				COPY_PHASE_STRIP = NO;
				ENABLE_STRICT_OBJC_MSGSEND = YES;
				GCC_C_LANGUAGE_STANDARD = gnu99;
				GCC_DYNAMIC_NO_PIC = NO;
				GCC_OPTIMIZATION_LEVEL = 0;
				GCC_PREPROCESSOR_DEFINITIONS = (
					"DEBUG=1",
					"$(inherited)",
				);
				GCC_SYMBOLS_PRIVATE_EXTERN = NO;
				GCC_WARN_64_TO_32_BIT_CONVERSION = YES;
				GCC_WARN_ABOUT_RETURN_TYPE = YES_ERROR;
				GCC_WARN_UNDECLARED_SELECTOR = YES;
				GCC_WARN_UNINITIALIZED_AUTOS = YES_AGGRESSIVE;
				GCC_WARN_UNUSED_FUNCTION = YES;
				GCC_WARN_UNUSED_VARIABLE = YES;
				IPHONEOS_DEPLOYMENT_TARGET = 8.1;
				MTL_ENABLE_DEBUG_INFO = YES;
				ONLY_ACTIVE_ARCH = YES;
				SDKROOT = iphoneos;
				SWIFT_OPTIMIZATION_LEVEL = "-Onone";
			};
			name = Debug;
		};
		180F91F21A047A14003E2503 /* Release */ = {
			isa = XCBuildConfiguration;
			buildSettings = {
				ALWAYS_SEARCH_USER_PATHS = NO;
				CLANG_CXX_LANGUAGE_STANDARD = "gnu++0x";
				CLANG_CXX_LIBRARY = "libc++";
				CLANG_ENABLE_MODULES = YES;
				CLANG_ENABLE_OBJC_ARC = YES;
				CLANG_WARN_BOOL_CONVERSION = YES;
				CLANG_WARN_CONSTANT_CONVERSION = YES;
				CLANG_WARN_DIRECT_OBJC_ISA_USAGE = YES_ERROR;
				CLANG_WARN_EMPTY_BODY = YES;
				CLANG_WARN_ENUM_CONVERSION = YES;
				CLANG_WARN_INT_CONVERSION = YES;
				CLANG_WARN_OBJC_ROOT_CLASS = YES_ERROR;
				CLANG_WARN_UNREACHABLE_CODE = YES;
				CLANG_WARN__DUPLICATE_METHOD_MATCH = YES;
				"CODE_SIGN_IDENTITY[sdk=iphoneos*]" = "iPhone Developer";
				COPY_PHASE_STRIP = YES;
				ENABLE_NS_ASSERTIONS = NO;
				ENABLE_STRICT_OBJC_MSGSEND = YES;
				GCC_C_LANGUAGE_STANDARD = gnu99;
				GCC_WARN_64_TO_32_BIT_CONVERSION = YES;
				GCC_WARN_ABOUT_RETURN_TYPE = YES_ERROR;
				GCC_WARN_UNDECLARED_SELECTOR = YES;
				GCC_WARN_UNINITIALIZED_AUTOS = YES_AGGRESSIVE;
				GCC_WARN_UNUSED_FUNCTION = YES;
				GCC_WARN_UNUSED_VARIABLE = YES;
				IPHONEOS_DEPLOYMENT_TARGET = 8.1;
				MTL_ENABLE_DEBUG_INFO = NO;
				SDKROOT = iphoneos;
				VALIDATE_PRODUCT = YES;
			};
			name = Release;
		};
		180F91F41A047A14003E2503 /* Debug */ = {
			isa = XCBuildConfiguration;
			buildSettings = {
				ASSETCATALOG_COMPILER_APPICON_NAME = AppIcon;
				CLANG_ENABLE_MODULES = YES;
				FRAMEWORK_SEARCH_PATHS = (
					"$(inherited)",
					"$(PROJECT_DIR)/Serendipity",
				);
				INFOPLIST_FILE = Serendipity/Info.plist;
				LD_RUNPATH_SEARCH_PATHS = "$(inherited) @executable_path/Frameworks";
				OTHER_LDFLAGS = "-ObjC";
				PRODUCT_NAME = "$(TARGET_NAME)";
				SWIFT_OBJC_BRIDGING_HEADER = "Serendipity/Serendipity-Bridging-Header.h";
				SWIFT_OPTIMIZATION_LEVEL = "-Onone";
			};
			name = Debug;
		};
		180F91F51A047A14003E2503 /* Release */ = {
			isa = XCBuildConfiguration;
			buildSettings = {
				ASSETCATALOG_COMPILER_APPICON_NAME = AppIcon;
				CLANG_ENABLE_MODULES = YES;
				FRAMEWORK_SEARCH_PATHS = (
					"$(inherited)",
					"$(PROJECT_DIR)/Serendipity",
				);
				INFOPLIST_FILE = Serendipity/Info.plist;
				LD_RUNPATH_SEARCH_PATHS = "$(inherited) @executable_path/Frameworks";
				OTHER_LDFLAGS = "-ObjC";
				PRODUCT_NAME = "$(TARGET_NAME)";
				SWIFT_OBJC_BRIDGING_HEADER = "Serendipity/Serendipity-Bridging-Header.h";
			};
			name = Release;
		};
		180F91F71A047A14003E2503 /* Debug */ = {
			isa = XCBuildConfiguration;
			buildSettings = {
				BUNDLE_LOADER = "$(TEST_HOST)";
				FRAMEWORK_SEARCH_PATHS = (
					"$(SDKROOT)/Developer/Library/Frameworks",
					"$(inherited)",
				);
				GCC_PREPROCESSOR_DEFINITIONS = (
					"DEBUG=1",
					"$(inherited)",
				);
				INFOPLIST_FILE = SerendipityTests/Info.plist;
				LD_RUNPATH_SEARCH_PATHS = "$(inherited) @executable_path/Frameworks @loader_path/Frameworks";
				PRODUCT_NAME = "$(TARGET_NAME)";
				TEST_HOST = "$(BUILT_PRODUCTS_DIR)/Serendipity.app/Serendipity";
			};
			name = Debug;
		};
		180F91F81A047A14003E2503 /* Release */ = {
			isa = XCBuildConfiguration;
			buildSettings = {
				BUNDLE_LOADER = "$(TEST_HOST)";
				FRAMEWORK_SEARCH_PATHS = (
					"$(SDKROOT)/Developer/Library/Frameworks",
					"$(inherited)",
				);
				INFOPLIST_FILE = SerendipityTests/Info.plist;
				LD_RUNPATH_SEARCH_PATHS = "$(inherited) @executable_path/Frameworks @loader_path/Frameworks";
				PRODUCT_NAME = "$(TARGET_NAME)";
				TEST_HOST = "$(BUILT_PRODUCTS_DIR)/Serendipity.app/Serendipity";
			};
			name = Release;
		};
/* End XCBuildConfiguration section */

/* Begin XCConfigurationList section */
		180F91CC1A047A14003E2503 /* Build configuration list for PBXProject "Serendipity" */ = {
			isa = XCConfigurationList;
			buildConfigurations = (
				180F91F11A047A14003E2503 /* Debug */,
				180F91F21A047A14003E2503 /* Release */,
			);
			defaultConfigurationIsVisible = 0;
			defaultConfigurationName = Release;
		};
		180F91F31A047A14003E2503 /* Build configuration list for PBXNativeTarget "Serendipity" */ = {
			isa = XCConfigurationList;
			buildConfigurations = (
				180F91F41A047A14003E2503 /* Debug */,
				180F91F51A047A14003E2503 /* Release */,
			);
			defaultConfigurationIsVisible = 0;
			defaultConfigurationName = Release;
		};
		180F91F61A047A14003E2503 /* Build configuration list for PBXNativeTarget "SerendipityTests" */ = {
			isa = XCConfigurationList;
			buildConfigurations = (
				180F91F71A047A14003E2503 /* Debug */,
				180F91F81A047A14003E2503 /* Release */,
			);
			defaultConfigurationIsVisible = 0;
			defaultConfigurationName = Release;
		};
/* End XCConfigurationList section */

/* Begin XCVersionGroup section */
		180F91D81A047A14003E2503 /* Serendipity.xcdatamodeld */ = {
			isa = XCVersionGroup;
			children = (
				180F91D91A047A14003E2503 /* Serendipity.xcdatamodel */,
			);
			currentVersion = 180F91D91A047A14003E2503 /* Serendipity.xcdatamodel */;
			path = Serendipity.xcdatamodeld;
			sourceTree = "<group>";
			versionGroupType = wrapper.xcdatamodel;
		};
/* End XCVersionGroup section */
	};
	rootObject = 180F91C91A047A14003E2503 /* Project object */;
}
